
Microsoft Visual Studio Solution File, Format Version 12.00
# Visual Studio 11
Project("{2150E333-8FDC-42A3-9474-1A3956D46DE8}") = "Dirs-Package", "Dirs-Package", "{B69724D1-2713-49D9-9C87-7A21C7668D06}"
EndProject
Project("{2150E333-8FDC-42A3-9474-1A3956D46DE8}") = "USBPcapDriver", "USBPcapDriver", "{E68969E6-FD77-486F-A05F-A2B856AFC6AD}"
EndProject
Project("{2150E333-8FDC-42A3-9474-1A3956D46DE8}") = "USBPcapCMD", "USBPcapCMD", "{E61E2B25-F889-4628-A257-F08C72A06D66}"
EndProject
Project("{8BC9CEB8-8B4A-11D0-8D11-00A0C91BC942}") = "dirs-Package", "dirs-Package\dirs-Package.vcxproj", "{F0745E0E-6474-44A7-A73C-D2873FE37B41}"
EndProject
Project("{8BC9CEB8-8B4A-11D0-8D11-00A0C91BC942}") = "USBPcap", "USBPcapDriver\USBPcap.vcxproj", "{162B7D43-F2C8-45CC-AA5F-C045D8D8520C}"
EndProject
Project("{8BC9CEB8-8B4A-11D0-8D11-00A0C91BC942}") = "USBPcapCMD", "USBPcapCMD\USBPcapCMD.vcxproj", "{B8AAF8AC-7BE6-4433-9516-F4BAD0A76C82}"
EndProject
Global
	GlobalSection(SolutionConfigurationPlatforms) = preSolution
		Win8 Debug|Win32 = Win8 Debug|Win32
		Win8 Debug|x64 = Win8 Debug|x64
		Win8 Release|Win32 = Win8 Release|Win32
		Win8 Release|x64 = Win8 Release|x64
		Win7 Debug|Win32 = Win7 Debug|Win32
		Win7 Debug|x64 = Win7 Debug|x64
		Win7 Release|Win32 = Win7 Release|Win32
		Win7 Release|x64 = Win7 Release|x64
		Vista Debug|Win32 = Vista Debug|Win32
		Vista Debug|x64 = Vista Debug|x64
		Vista Release|Win32 = Vista Release|Win32
		Vista Release|x64 = Vista Release|x64
	EndGlobalSection
	GlobalSection(ProjectConfigurationPlatforms) = postSolution
		{F0745E0E-6474-44A7-A73C-D2873FE37B41}.Win8 Debug|Win32.ActiveCfg = Win8 Debug|Win32
		{F0745E0E-6474-44A7-A73C-D2873FE37B41}.Win8 Debug|Win32.Build.0 = Win8 Debug|Win32
		{F0745E0E-6474-44A7-A73C-D2873FE37B41}.Win8 Debug|x64.ActiveCfg = Win8 Debug|x64
		{F0745E0E-6474-44A7-A73C-D2873FE37B41}.Win8 Debug|x64.Build.0 = Win8 Debug|x64
		{F0745E0E-6474-44A7-A73C-D2873FE37B41}.Win8 Release|Win32.ActiveCfg = Win8 Release|Win32
		{F0745E0E-6474-44A7-A73C-D2873FE37B41}.Win8 Release|Win32.Build.0 = Win8 Release|Win32
		{F0745E0E-6474-44A7-A73C-D2873FE37B41}.Win8 Release|x64.ActiveCfg = Win8 Release|x64
		{F0745E0E-6474-44A7-A73C-D2873FE37B41}.Win8 Release|x64.Build.0 = Win8 Release|x64
		{F0745E0E-6474-44A7-A73C-D2873FE37B41}.Win7 Debug|Win32.ActiveCfg = Win7 Debug|Win32
		{F0745E0E-6474-44A7-A73C-D2873FE37B41}.Win7 Debug|Win32.Build.0 = Win7 Debug|Win32
		{F0745E0E-6474-44A7-A73C-D2873FE37B41}.Win7 Debug|x64.ActiveCfg = Win7 Debug|x64
		{F0745E0E-6474-44A7-A73C-D2873FE37B41}.Win7 Debug|x64.Build.0 = Win7 Debug|x64
		{F0745E0E-6474-44A7-A73C-D2873FE37B41}.Win7 Release|Win32.ActiveCfg = Win7 Release|Win32
		{F0745E0E-6474-44A7-A73C-D2873FE37B41}.Win7 Release|Win32.Build.0 = Win7 Release|Win32
		{F0745E0E-6474-44A7-A73C-D2873FE37B41}.Win7 Release|x64.ActiveCfg = Win7 Release|x64
		{F0745E0E-6474-44A7-A73C-D2873FE37B41}.Win7 Release|x64.Build.0 = Win7 Release|x64
		{F0745E0E-6474-44A7-A73C-D2873FE37B41}.Vista Debug|Win32.ActiveCfg = Vista Debug|Win32
		{F0745E0E-6474-44A7-A73C-D2873FE37B41}.Vista Debug|Win32.Build.0 = Vista Debug|Win32
		{F0745E0E-6474-44A7-A73C-D2873FE37B41}.Vista Debug|x64.ActiveCfg = Vista Debug|x64
		{F0745E0E-6474-44A7-A73C-D2873FE37B41}.Vista Debug|x64.Build.0 = Vista Debug|x64
		{F0745E0E-6474-44A7-A73C-D2873FE37B41}.Vista Release|Win32.ActiveCfg = Vista Release|Win32
		{F0745E0E-6474-44A7-A73C-D2873FE37B41}.Vista Release|Win32.Build.0 = Vista Release|Win32
		{F0745E0E-6474-44A7-A73C-D2873FE37B41}.Vista Release|x64.ActiveCfg = Vista Release|x64
		{F0745E0E-6474-44A7-A73C-D2873FE37B41}.Vista Release|x64.Build.0 = Vista Release|x64
		{162B7D43-F2C8-45CC-AA5F-C045D8D8520C}.Win8 Debug|Win32.ActiveCfg = Win8 Debug|Win32
		{162B7D43-F2C8-45CC-AA5F-C045D8D8520C}.Win8 Debug|Win32.Build.0 = Win8 Debug|Win32
		{162B7D43-F2C8-45CC-AA5F-C045D8D8520C}.Win8 Debug|x64.ActiveCfg = Win8 Debug|x64
		{162B7D43-F2C8-45CC-AA5F-C045D8D8520C}.Win8 Debug|x64.Build.0 = Win8 Debug|x64
		{162B7D43-F2C8-45CC-AA5F-C045D8D8520C}.Win8 Release|Win32.ActiveCfg = Win8 Release|Win32
		{162B7D43-F2C8-45CC-AA5F-C045D8D8520C}.Win8 Release|Win32.Build.0 = Win8 Release|Win32
		{162B7D43-F2C8-45CC-AA5F-C045D8D8520C}.Win8 Release|x64.ActiveCfg = Win8 Release|x64
		{162B7D43-F2C8-45CC-AA5F-C045D8D8520C}.Win8 Release|x64.Build.0 = Win8 Release|x64
		{162B7D43-F2C8-45CC-AA5F-C045D8D8520C}.Win7 Debug|Win32.ActiveCfg = Win7 Debug|Win32
		{162B7D43-F2C8-45CC-AA5F-C045D8D8520C}.Win7 Debug|Win32.Build.0 = Win7 Debug|Win32
		{162B7D43-F2C8-45CC-AA5F-C045D8D8520C}.Win7 Debug|x64.ActiveCfg = Win7 Debug|x64
		{162B7D43-F2C8-45CC-AA5F-C045D8D8520C}.Win7 Debug|x64.Build.0 = Win7 Debug|x64
		{162B7D43-F2C8-45CC-AA5F-C045D8D8520C}.Win7 Release|Win32.ActiveCfg = Win7 Release|Win32
		{162B7D43-F2C8-45CC-AA5F-C045D8D8520C}.Win7 Release|Win32.Build.0 = Win7 Release|Win32
		{162B7D43-F2C8-45CC-AA5F-C045D8D8520C}.Win7 Release|x64.ActiveCfg = Win7 Release|x64
		{162B7D43-F2C8-45CC-AA5F-C045D8D8520C}.Win7 Release|x64.Build.0 = Win7 Release|x64
		{162B7D43-F2C8-45CC-AA5F-C045D8D8520C}.Vista Debug|Win32.ActiveCfg = Vista Debug|Win32
		{162B7D43-F2C8-45CC-AA5F-C045D8D8520C}.Vista Debug|Win32.Build.0 = Vista Debug|Win32
		{162B7D43-F2C8-45CC-AA5F-C045D8D8520C}.Vista Debug|x64.ActiveCfg = Vista Debug|x64
		{162B7D43-F2C8-45CC-AA5F-C045D8D8520C}.Vista Debug|x64.Build.0 = Vista Debug|x64
		{162B7D43-F2C8-45CC-AA5F-C045D8D8520C}.Vista Release|Win32.ActiveCfg = Vista Release|Win32
		{162B7D43-F2C8-45CC-AA5F-C045D8D8520C}.Vista Release|Win32.Build.0 = Vista Release|Win32
		{162B7D43-F2C8-45CC-AA5F-C045D8D8520C}.Vista Release|x64.ActiveCfg = Vista Release|x64
		{162B7D43-F2C8-45CC-AA5F-C045D8D8520C}.Vista Release|x64.Build.0 = Vista Release|x64
		{B8AAF8AC-7BE6-4433-9516-F4BAD0A76C82}.Win8 Debug|Win32.ActiveCfg = Win8 Debug|Win32
		{B8AAF8AC-7BE6-4433-9516-F4BAD0A76C82}.Win8 Debug|Win32.Build.0 = Win8 Debug|Win32
		{B8AAF8AC-7BE6-4433-9516-F4BAD0A76C82}.Win8 Debug|x64.ActiveCfg = Win8 Debug|x64
		{B8AAF8AC-7BE6-4433-9516-F4BAD0A76C82}.Win8 Debug|x64.Build.0 = Win8 Debug|x64
		{B8AAF8AC-7BE6-4433-9516-F4BAD0A76C82}.Win8 Release|Win32.ActiveCfg = Win8 Release|Win32
		{B8AAF8AC-7BE6-4433-9516-F4BAD0A76C82}.Win8 Release|Win32.Build.0 = Win8 Release|Win32
		{B8AAF8AC-7BE6-4433-9516-F4BAD0A76C82}.Win8 Release|x64.ActiveCfg = Win8 Release|x64
		{B8AAF8AC-7BE6-4433-9516-F4BAD0A76C82}.Win8 Release|x64.Build.0 = Win8 Release|x64
		{B8AAF8AC-7BE6-4433-9516-F4BAD0A76C82}.Win7 Debug|Win32.ActiveCfg = Win7 Debug|Win32
		{B8AAF8AC-7BE6-4433-9516-F4BAD0A76C82}.Win7 Debug|Win32.Build.0 = Win7 Debug|Win32
		{B8AAF8AC-7BE6-4433-9516-F4BAD0A76C82}.Win7 Debug|x64.ActiveCfg = Win7 Debug|x64
		{B8AAF8AC-7BE6-4433-9516-F4BAD0A76C82}.Win7 Debug|x64.Build.0 = Win7 Debug|x64
		{B8AAF8AC-7BE6-4433-9516-F4BAD0A76C82}.Win7 Release|Win32.ActiveCfg = Win7 Release|Win32
		{B8AAF8AC-7BE6-4433-9516-F4BAD0A76C82}.Win7 Release|Win32.Build.0 = Win7 Release|Win32
		{B8AAF8AC-7BE6-4433-9516-F4BAD0A76C82}.Win7 Release|x64.ActiveCfg = Win7 Release|x64
		{B8AAF8AC-7BE6-4433-9516-F4BAD0A76C82}.Win7 Release|x64.Build.0 = Win7 Release|x64
		{B8AAF8AC-7BE6-4433-9516-F4BAD0A76C82}.Vista Debug|Win32.ActiveCfg = Vista Debug|Win32
		{B8AAF8AC-7BE6-4433-9516-F4BAD0A76C82}.Vista Debug|Win32.Build.0 = Vista Debug|Win32
		{B8AAF8AC-7BE6-4433-9516-F4BAD0A76C82}.Vista Debug|x64.ActiveCfg = Vista Debug|x64
		{B8AAF8AC-7BE6-4433-9516-F4BAD0A76C82}.Vista Debug|x64.Build.0 = Vista Debug|x64
		{B8AAF8AC-7BE6-4433-9516-F4BAD0A76C82}.Vista Release|Win32.ActiveCfg = Vista Release|Win32
		{B8AAF8AC-7BE6-4433-9516-F4BAD0A76C82}.Vista Release|Win32.Build.0 = Vista Release|Win32
		{B8AAF8AC-7BE6-4433-9516-F4BAD0A76C82}.Vista Release|x64.ActiveCfg = Vista Release|x64
		{B8AAF8AC-7BE6-4433-9516-F4BAD0A76C82}.Vista Release|x64.Build.0 = Vista Release|x64
	EndGlobalSection
	GlobalSection(SolutionProperties) = preSolution
		HideSolutionNode = FALSE
	EndGlobalSection
	GlobalSection(NestedProjects) = preSolution
		{F0745E0E-6474-44A7-A73C-D2873FE37B41} = {B69724D1-2713-49D9-9C87-7A21C7668D06}
		{162B7D43-F2C8-45CC-AA5F-C045D8D8520C} = {E68969E6-FD77-486F-A05F-A2B856AFC6AD}
		{B8AAF8AC-7BE6-4433-9516-F4BAD0A76C82} = {E61E2B25-F889-4628-A257-F08C72A06D66}
	EndGlobalSection
EndGlobal
